
Microsoft Visual Studio Solution File, Format Version 12.00
# Visual Studio Version 17
VisualStudioVersion = 17.4.33205.214
MinimumVisualStudioVersion = 10.0.40219.1
Project("{FAE04EC0-301F-11D3-BF4B-00C04F79EFBC}") = "MockSample", "MockSample\MockSample.csproj", "{530703D6-71B7-40EA-87A5-E5C0C82F12E0}"
EndProject
Project("{FAE04EC0-301F-11D3-BF4B-00C04F79EFBC}") = "RecipeTests", "RecipeTests\RecipeTests.csproj", "{8149FEAB-3D48-475C-8526-BE14863E7825}"
EndProject
Global
	GlobalSection(SolutionConfigurationPlatforms) = preSolution
		Debug|Any CPU = Debug|Any CPU
		Release|Any CPU = Release|Any CPU
	EndGlobalSection
	GlobalSection(ProjectConfigurationPlatforms) = postSolution
		{530703D6-71B7-40EA-87A5-E5C0C82F12E0}.Debug|Any CPU.ActiveCfg = Debug|Any CPU
		{530703D6-71B7-40EA-87A5-E5C0C82F12E0}.Debug|Any CPU.Build.0 = Debug|Any CPU
		{530703D6-71B7-40EA-87A5-E5C0C82F12E0}.Release|Any CPU.ActiveCfg = Release|Any CPU
		{530703D6-71B7-40EA-87A5-E5C0C82F12E0}.Release|Any CPU.Build.0 = Release|Any CPU
		{8149FEAB-3D48-475C-8526-BE14863E7825}.Debug|Any CPU.ActiveCfg = Debug|Any CPU
		{8149FEAB-3D48-475C-8526-BE14863E7825}.Debug|Any CPU.Build.0 = Debug|Any CPU
		{8149FEAB-3D48-475C-8526-BE14863E7825}.Release|Any CPU.ActiveCfg = Release|Any CPU
		{8149FEAB-3D48-475C-8526-BE14863E7825}.Release|Any CPU.Build.0 = Release|Any CPU
	EndGlobalSection
	GlobalSection(SolutionProperties) = preSolution
		HideSolutionNode = FALSE
	EndGlobalSection
	GlobalSection(ExtensibilityGlobals) = postSolution
		SolutionGuid = {522A9BA9-B63E-4E69-AA71-A6C6C24E6755}
	EndGlobalSection
EndGlobal
